# This file was autogenerated by Stack.
# You should not edit this file by hand.
# For more information, please see the documentation at:
#   https://docs.haskellstack.org/en/stable/lock_files

packages:
- completed:
    hackage: sdl2-ttf-2.1.3@sha256:46b4769918ee2e579d0e378ede559729293d1b9dfb5301d29efcf0470b553aa6,1916
    pantry-tree:
      sha256: dcc8bf7c21e4f60030ec844a8ea16e41f2b7a94da2b875ea3cbd1756dd5e07ad
      size: 447
  original:
    hackage: sdl2-ttf-2.1.3
snapshots:
- completed:
    sha256: 6f0bea3ba5b07360f25bc886e8cff8d847767557a492a6f7f6dcb06e3cc79ee9
    size: 712905
    url: https://raw.githubusercontent.com/commercialhaskell/stackage-snapshots/master/lts/22/13.yaml
  original: lts-22.13
